
Microsoft Visual Studio Solution File, Format Version 12.00
# Visual Studio Version 17
VisualStudioVersion = 17.5.002.0
MinimumVisualStudioVersion = 10.0.40219.1
Project("{2150E333-8FDC-42A3-9474-1A3956D46DE8}") = "csharp-prep", "csharp-prep", "{D5526A23-B9FF-42F1-A7EC-742ECDB8F905}"
EndProject
Project("{9A19103F-16F7-4668-BE54-9A1E7A4F7556}") = "Prep1", "csharp-prep\Prep1\Prep1.csproj", "{AB2BDFAF-E72C-4883-8FCC-9F7FAA5A8F2E}"
EndProject
Project("{9A19103F-16F7-4668-BE54-9A1E7A4F7556}") = "Prep2", "csharp-prep\Prep2\Prep2.csproj", "{12D7512F-92F6-4DA8-A7C3-8F20B5AC9F93}"
EndProject
Project("{9A19103F-16F7-4668-BE54-9A1E7A4F7556}") = "Prep3", "csharp-prep\Prep3\Prep3.csproj", "{2BBB0E48-AAD8-45D6-AEB1-0AFE7C2E390C}"
EndProject
Project("{9A19103F-16F7-4668-BE54-9A1E7A4F7556}") = "Prep4", "csharp-prep\Prep4\Prep4.csproj", "{A9D01D56-47FC-4E74-93B2-46EE1C972478}"
EndProject
Project("{9A19103F-16F7-4668-BE54-9A1E7A4F7556}") = "Prep5", "csharp-prep\Prep5\Prep5.csproj", "{B025D2DE-F202-4B97-902D-BCCE52C54172}"
EndProject
Project("{2150E333-8FDC-42A3-9474-1A3956D46DE8}") = "final", "final", "{966D044C-34CA-45A4-98A4-9CE5DCE3E507}"
EndProject
Project("{9A19103F-16F7-4668-BE54-9A1E7A4F7556}") = "FinalProject", "final\FinalProject\FinalProject.csproj", "{8407930E-E82F-4BC3-A75F-382478F6F3F4}"
EndProject
Project("{9A19103F-16F7-4668-BE54-9A1E7A4F7556}") = "Foundation1", "final\Foundation1\Foundation1.csproj", "{6E81EB0C-999B-4E2A-80CA-6FCACC8D29DF}"
EndProject
Project("{9A19103F-16F7-4668-BE54-9A1E7A4F7556}") = "Foundation2", "final\Foundation2\Foundation2.csproj", "{B730DA03-6DB8-4E54-9A98-6FFFF28D95FD}"
EndProject
Project("{9A19103F-16F7-4668-BE54-9A1E7A4F7556}") = "Foundation3", "final\Foundation3\Foundation3.csproj", "{09E70A03-8A41-40D3-B997-078692278DA0}"
EndProject
Project("{9A19103F-16F7-4668-BE54-9A1E7A4F7556}") = "Foundation4", "final\Foundation4\Foundation4.csproj", "{41E22BA4-8310-4E79-8798-5230B481C81E}"
EndProject
Project("{2150E333-8FDC-42A3-9474-1A3956D46DE8}") = "prepare", "prepare", "{75FEF5F3-1FC9-4E0F-8170-64F9D02AACC0}"
EndProject
Project("{9A19103F-16F7-4668-BE54-9A1E7A4F7556}") = "Learning02", "prepare\Learning02\Learning02.csproj", "{253DBBD8-E289-4654-B282-F8F31E281661}"
EndProject
Project("{9A19103F-16F7-4668-BE54-9A1E7A4F7556}") = "Learning03", "prepare\Learning03\Learning03.csproj", "{13CEC5F8-D831-4EAB-8EAE-288B97A9CF40}"
EndProject
Project("{9A19103F-16F7-4668-BE54-9A1E7A4F7556}") = "Learning04", "prepare\Learning04\Learning04.csproj", "{018E6348-98D6-4FA7-A0A3-BD68F524F0CF}"
EndProject
Project("{9A19103F-16F7-4668-BE54-9A1E7A4F7556}") = "Learning05", "prepare\Learning05\Learning05.csproj", "{95F6077B-23B4-4B98-A833-26A1E744E97F}"
EndProject
Project("{2150E333-8FDC-42A3-9474-1A3956D46DE8}") = "prove", "prove", "{78A72805-3193-474B-A334-893D11134492}"
EndProject
Project("{9A19103F-16F7-4668-BE54-9A1E7A4F7556}") = "Develop02", "prove\Develop02\Develop02.csproj", "{FEAA4F50-07C4-4773-996E-6B31C8EB12C0}"
EndProject
Project("{9A19103F-16F7-4668-BE54-9A1E7A4F7556}") = "Develop03", "prove\Develop03\Develop03.csproj", "{BF019764-F855-4B70-BD8F-F84E9D243AEE}"
EndProject
Project("{9A19103F-16F7-4668-BE54-9A1E7A4F7556}") = "Develop04", "prove\Develop04\Develop04.csproj", "{B498A54E-2174-4AA1-A5BF-7A0D47C82809}"
EndProject
Project("{9A19103F-16F7-4668-BE54-9A1E7A4F7556}") = "Develop05", "prove\Develop05\Develop05.csproj", "{AA35E6CB-E681-45CF-A45B-F9D1D0242B2B}"
EndProject
Project("{2150E333-8FDC-42A3-9474-1A3956D46DE8}") = "sandbox", "sandbox", "{012C21CE-A7F7-437E-A593-3EE8B40ABE20}"
EndProject
Project("{9A19103F-16F7-4668-BE54-9A1E7A4F7556}") = "Sandbox", "sandbox\Sandbox\Sandbox.csproj", "{1423805C-D2D3-4458-8F25-91A0E86141BE}"
EndProject
Global
	GlobalSection(SolutionConfigurationPlatforms) = preSolution
		Debug|Any CPU = Debug|Any CPU
		Release|Any CPU = Release|Any CPU
	EndGlobalSection
	GlobalSection(ProjectConfigurationPlatforms) = postSolution
		{AB2BDFAF-E72C-4883-8FCC-9F7FAA5A8F2E}.Debug|Any CPU.ActiveCfg = Debug|Any CPU
		{AB2BDFAF-E72C-4883-8FCC-9F7FAA5A8F2E}.Debug|Any CPU.Build.0 = Debug|Any CPU
		{AB2BDFAF-E72C-4883-8FCC-9F7FAA5A8F2E}.Release|Any CPU.ActiveCfg = Release|Any CPU
		{AB2BDFAF-E72C-4883-8FCC-9F7FAA5A8F2E}.Release|Any CPU.Build.0 = Release|Any CPU
		{12D7512F-92F6-4DA8-A7C3-8F20B5AC9F93}.Debug|Any CPU.ActiveCfg = Debug|Any CPU
		{12D7512F-92F6-4DA8-A7C3-8F20B5AC9F93}.Debug|Any CPU.Build.0 = Debug|Any CPU
		{12D7512F-92F6-4DA8-A7C3-8F20B5AC9F93}.Release|Any CPU.ActiveCfg = Release|Any CPU
		{12D7512F-92F6-4DA8-A7C3-8F20B5AC9F93}.Release|Any CPU.Build.0 = Release|Any CPU
		{2BBB0E48-AAD8-45D6-AEB1-0AFE7C2E390C}.Debug|Any CPU.ActiveCfg = Debug|Any CPU
		{2BBB0E48-AAD8-45D6-AEB1-0AFE7C2E390C}.Debug|Any CPU.Build.0 = Debug|Any CPU
		{2BBB0E48-AAD8-45D6-AEB1-0AFE7C2E390C}.Release|Any CPU.ActiveCfg = Release|Any CPU
		{2BBB0E48-AAD8-45D6-AEB1-0AFE7C2E390C}.Release|Any CPU.Build.0 = Release|Any CPU
		{A9D01D56-47FC-4E74-93B2-46EE1C972478}.Debug|Any CPU.ActiveCfg = Debug|Any CPU
		{A9D01D56-47FC-4E74-93B2-46EE1C972478}.Debug|Any CPU.Build.0 = Debug|Any CPU
		{A9D01D56-47FC-4E74-93B2-46EE1C972478}.Release|Any CPU.ActiveCfg = Release|Any CPU
		{A9D01D56-47FC-4E74-93B2-46EE1C972478}.Release|Any CPU.Build.0 = Release|Any CPU
		{B025D2DE-F202-4B97-902D-BCCE52C54172}.Debug|Any CPU.ActiveCfg = Debug|Any CPU
		{B025D2DE-F202-4B97-902D-BCCE52C54172}.Debug|Any CPU.Build.0 = Debug|Any CPU
		{B025D2DE-F202-4B97-902D-BCCE52C54172}.Release|Any CPU.ActiveCfg = Release|Any CPU
		{B025D2DE-F202-4B97-902D-BCCE52C54172}.Release|Any CPU.Build.0 = Release|Any CPU
		{8407930E-E82F-4BC3-A75F-382478F6F3F4}.Debug|Any CPU.ActiveCfg = Debug|Any CPU
		{8407930E-E82F-4BC3-A75F-382478F6F3F4}.Debug|Any CPU.Build.0 = Debug|Any CPU
		{8407930E-E82F-4BC3-A75F-382478F6F3F4}.Release|Any CPU.ActiveCfg = Release|Any CPU
		{8407930E-E82F-4BC3-A75F-382478F6F3F4}.Release|Any CPU.Build.0 = Release|Any CPU
		{6E81EB0C-999B-4E2A-80CA-6FCACC8D29DF}.Debug|Any CPU.ActiveCfg = Debug|Any CPU
		{6E81EB0C-999B-4E2A-80CA-6FCACC8D29DF}.Debug|Any CPU.Build.0 = Debug|Any CPU
		{6E81EB0C-999B-4E2A-80CA-6FCACC8D29DF}.Release|Any CPU.ActiveCfg = Release|Any CPU
		{6E81EB0C-999B-4E2A-80CA-6FCACC8D29DF}.Release|Any CPU.Build.0 = Release|Any CPU
		{B730DA03-6DB8-4E54-9A98-6FFFF28D95FD}.Debug|Any CPU.ActiveCfg = Debug|Any CPU
		{B730DA03-6DB8-4E54-9A98-6FFFF28D95FD}.Debug|Any CPU.Build.0 = Debug|Any CPU
		{B730DA03-6DB8-4E54-9A98-6FFFF28D95FD}.Release|Any CPU.ActiveCfg = Release|Any CPU
		{B730DA03-6DB8-4E54-9A98-6FFFF28D95FD}.Release|Any CPU.Build.0 = Release|Any CPU
		{09E70A03-8A41-40D3-B997-078692278DA0}.Debug|Any CPU.ActiveCfg = Debug|Any CPU
		{09E70A03-8A41-40D3-B997-078692278DA0}.Debug|Any CPU.Build.0 = Debug|Any CPU
		{09E70A03-8A41-40D3-B997-078692278DA0}.Release|Any CPU.ActiveCfg = Release|Any CPU
		{09E70A03-8A41-40D3-B997-078692278DA0}.Release|Any CPU.Build.0 = Release|Any CPU
		{41E22BA4-8310-4E79-8798-5230B481C81E}.Debug|Any CPU.ActiveCfg = Debug|Any CPU
		{41E22BA4-8310-4E79-8798-5230B481C81E}.Debug|Any CPU.Build.0 = Debug|Any CPU
		{41E22BA4-8310-4E79-8798-5230B481C81E}.Release|Any CPU.ActiveCfg = Release|Any CPU
		{41E22BA4-8310-4E79-8798-5230B481C81E}.Release|Any CPU.Build.0 = Release|Any CPU
		{253DBBD8-E289-4654-B282-F8F31E281661}.Debug|Any CPU.ActiveCfg = Debug|Any CPU
		{253DBBD8-E289-4654-B282-F8F31E281661}.Debug|Any CPU.Build.0 = Debug|Any CPU
		{253DBBD8-E289-4654-B282-F8F31E281661}.Release|Any CPU.ActiveCfg = Release|Any CPU
		{253DBBD8-E289-4654-B282-F8F31E281661}.Release|Any CPU.Build.0 = Release|Any CPU
		{13CEC5F8-D831-4EAB-8EAE-288B97A9CF40}.Debug|Any CPU.ActiveCfg = Debug|Any CPU
		{13CEC5F8-D831-4EAB-8EAE-288B97A9CF40}.Debug|Any CPU.Build.0 = Debug|Any CPU
		{13CEC5F8-D831-4EAB-8EAE-288B97A9CF40}.Release|Any CPU.ActiveCfg = Release|Any CPU
		{13CEC5F8-D831-4EAB-8EAE-288B97A9CF40}.Release|Any CPU.Build.0 = Release|Any CPU
		{018E6348-98D6-4FA7-A0A3-BD68F524F0CF}.Debug|Any CPU.ActiveCfg = Debug|Any CPU
		{018E6348-98D6-4FA7-A0A3-BD68F524F0CF}.Debug|Any CPU.Build.0 = Debug|Any CPU
		{018E6348-98D6-4FA7-A0A3-BD68F524F0CF}.Release|Any CPU.ActiveCfg = Release|Any CPU
		{018E6348-98D6-4FA7-A0A3-BD68F524F0CF}.Release|Any CPU.Build.0 = Release|Any CPU
		{95F6077B-23B4-4B98-A833-26A1E744E97F}.Debug|Any CPU.ActiveCfg = Debug|Any CPU
		{95F6077B-23B4-4B98-A833-26A1E744E97F}.Debug|Any CPU.Build.0 = Debug|Any CPU
		{95F6077B-23B4-4B98-A833-26A1E744E97F}.Release|Any CPU.ActiveCfg = Release|Any CPU
		{95F6077B-23B4-4B98-A833-26A1E744E97F}.Release|Any CPU.Build.0 = Release|Any CPU
		{FEAA4F50-07C4-4773-996E-6B31C8EB12C0}.Debug|Any CPU.ActiveCfg = Debug|Any CPU
		{FEAA4F50-07C4-4773-996E-6B31C8EB12C0}.Debug|Any CPU.Build.0 = Debug|Any CPU
		{FEAA4F50-07C4-4773-996E-6B31C8EB12C0}.Release|Any CPU.ActiveCfg = Release|Any CPU
		{FEAA4F50-07C4-4773-996E-6B31C8EB12C0}.Release|Any CPU.Build.0 = Release|Any CPU
		{BF019764-F855-4B70-BD8F-F84E9D243AEE}.Debug|Any CPU.ActiveCfg = Debug|Any CPU
		{BF019764-F855-4B70-BD8F-F84E9D243AEE}.Debug|Any CPU.Build.0 = Debug|Any CPU
		{BF019764-F855-4B70-BD8F-F84E9D243AEE}.Release|Any CPU.ActiveCfg = Release|Any CPU
		{BF019764-F855-4B70-BD8F-F84E9D243AEE}.Release|Any CPU.Build.0 = Release|Any CPU
		{B498A54E-2174-4AA1-A5BF-7A0D47C82809}.Debug|Any CPU.ActiveCfg = Debug|Any CPU
		{B498A54E-2174-4AA1-A5BF-7A0D47C82809}.Debug|Any CPU.Build.0 = Debug|Any CPU
		{B498A54E-2174-4AA1-A5BF-7A0D47C82809}.Release|Any CPU.ActiveCfg = Release|Any CPU
		{B498A54E-2174-4AA1-A5BF-7A0D47C82809}.Release|Any CPU.Build.0 = Release|Any CPU
		{AA35E6CB-E681-45CF-A45B-F9D1D0242B2B}.Debug|Any CPU.ActiveCfg = Debug|Any CPU
		{AA35E6CB-E681-45CF-A45B-F9D1D0242B2B}.Debug|Any CPU.Build.0 = Debug|Any CPU
		{AA35E6CB-E681-45CF-A45B-F9D1D0242B2B}.Release|Any CPU.ActiveCfg = Release|Any CPU
		{AA35E6CB-E681-45CF-A45B-F9D1D0242B2B}.Release|Any CPU.Build.0 = Release|Any CPU
		{1423805C-D2D3-4458-8F25-91A0E86141BE}.Debug|Any CPU.ActiveCfg = Debug|Any CPU
		{1423805C-D2D3-4458-8F25-91A0E86141BE}.Debug|Any CPU.Build.0 = Debug|Any CPU
		{1423805C-D2D3-4458-8F25-91A0E86141BE}.Release|Any CPU.ActiveCfg = Release|Any CPU
		{1423805C-D2D3-4458-8F25-91A0E86141BE}.Release|Any CPU.Build.0 = Release|Any CPU
	EndGlobalSection
	GlobalSection(SolutionProperties) = preSolution
		HideSolutionNode = FALSE
	EndGlobalSection
	GlobalSection(NestedProjects) = preSolution
		{AB2BDFAF-E72C-4883-8FCC-9F7FAA5A8F2E} = {D5526A23-B9FF-42F1-A7EC-742ECDB8F905}
		{12D7512F-92F6-4DA8-A7C3-8F20B5AC9F93} = {D5526A23-B9FF-42F1-A7EC-742ECDB8F905}
		{2BBB0E48-AAD8-45D6-AEB1-0AFE7C2E390C} = {D5526A23-B9FF-42F1-A7EC-742ECDB8F905}
		{A9D01D56-47FC-4E74-93B2-46EE1C972478} = {D5526A23-B9FF-42F1-A7EC-742ECDB8F905}
		{B025D2DE-F202-4B97-902D-BCCE52C54172} = {D5526A23-B9FF-42F1-A7EC-742ECDB8F905}
		{8407930E-E82F-4BC3-A75F-382478F6F3F4} = {966D044C-34CA-45A4-98A4-9CE5DCE3E507}
		{6E81EB0C-999B-4E2A-80CA-6FCACC8D29DF} = {966D044C-34CA-45A4-98A4-9CE5DCE3E507}
		{B730DA03-6DB8-4E54-9A98-6FFFF28D95FD} = {966D044C-34CA-45A4-98A4-9CE5DCE3E507}
		{09E70A03-8A41-40D3-B997-078692278DA0} = {966D044C-34CA-45A4-98A4-9CE5DCE3E507}
		{41E22BA4-8310-4E79-8798-5230B481C81E} = {966D044C-34CA-45A4-98A4-9CE5DCE3E507}
		{253DBBD8-E289-4654-B282-F8F31E281661} = {75FEF5F3-1FC9-4E0F-8170-64F9D02AACC0}
		{13CEC5F8-D831-4EAB-8EAE-288B97A9CF40} = {75FEF5F3-1FC9-4E0F-8170-64F9D02AACC0}
		{018E6348-98D6-4FA7-A0A3-BD68F524F0CF} = {75FEF5F3-1FC9-4E0F-8170-64F9D02AACC0}
		{95F6077B-23B4-4B98-A833-26A1E744E97F} = {75FEF5F3-1FC9-4E0F-8170-64F9D02AACC0}
		{FEAA4F50-07C4-4773-996E-6B31C8EB12C0} = {78A72805-3193-474B-A334-893D11134492}
		{BF019764-F855-4B70-BD8F-F84E9D243AEE} = {78A72805-3193-474B-A334-893D11134492}
		{B498A54E-2174-4AA1-A5BF-7A0D47C82809} = {78A72805-3193-474B-A334-893D11134492}
		{AA35E6CB-E681-45CF-A45B-F9D1D0242B2B} = {78A72805-3193-474B-A334-893D11134492}
		{1423805C-D2D3-4458-8F25-91A0E86141BE} = {012C21CE-A7F7-437E-A593-3EE8B40ABE20}
	EndGlobalSection
	GlobalSection(ExtensibilityGlobals) = postSolution
		SolutionGuid = {8C362E44-09E7-459F-8C73-D0DEA6491FA0}
	EndGlobalSection
EndGlobal
